
Microsoft Visual Studio Solution File, Format Version 12.00
# Visual Studio 2012
Project("{FAE04EC0-301F-11D3-BF4B-00C04F79EFBC}") = "Spring.Northwind.Service.2012", "src\Spring.Northwind.Service\Spring.Northwind.Service.2012.csproj", "{9E15876F-E9E0-43B7-9874-B54F163757D6}"
EndProject
Project("{FAE04EC0-301F-11D3-BF4B-00C04F79EFBC}") = "Spring.Northwind.Dao.2012", "src\Spring.Northwind.Dao\Spring.Northwind.Dao.2012.csproj", "{7F45EEA2-50AC-44E2-85A6-2FFB02E38C44}"
EndProject
Project("{FAE04EC0-301F-11D3-BF4B-00C04F79EFBC}") = "Spring.Northwind.Dao.NHibernate.2012", "src\Spring.Northwind.Dao.NHibernate\Spring.Northwind.Dao.NHibernate.2012.csproj", "{6E4F55A0-C281-4706-A08B-BDEC2D2FBDA4}"
EndProject
Project("{FAE04EC0-301F-11D3-BF4B-00C04F79EFBC}") = "Spring.Northwind.IntegrationTests.2012", "test\Spring.Northwind.IntegrationTests\Spring.Northwind.IntegrationTests.2012.csproj", "{2D0C5DF7-3BDB-44FB-BC1B-58E60B170BAD}"
EndProject
Project("{FAE04EC0-301F-11D3-BF4B-00C04F79EFBC}") = "Spring.Northwind.Web.2012", "src\Spring.Northwind.Web\Spring.Northwind.Web.2012.csproj", "{2967CA64-7352-46E3-89C0-6BB3A0A13FC1}"
EndProject
Project("{FAE04EC0-301F-11D3-BF4B-00C04F79EFBC}") = "Spring.Northwind.Web.Conversation.2012", "src\Spring.Northwind.Web.Conversation\Spring.Northwind.Web.Conversation.2012.csproj", "{8EEAB62E-DBAF-4C5F-9906-77B2A817F945}"
EndProject
Project("{FAE04EC0-301F-11D3-BF4B-00C04F79EFBC}") = "Spring.Northwind.WebApp", "src\Spring.Northwind.WebApp\Spring.Northwind.WebApp.csproj", "{2A7681BA-5C3C-4CC5-BE79-FE9FB428C764}"
EndProject
Project("{2150E333-8FDC-42A3-9474-1A3956D46DE8}") = "WebSite", "WebSite", "{7B7AE8ED-DBE4-4CA4-9531-215535B63B8A}"
EndProject
Project("{FAE04EC0-301F-11D3-BF4B-00C04F79EFBC}") = "Spring.Northwind.MvcApp", "src\Spring.Northwind.MvcApp\Spring.Northwind.MvcApp.csproj", "{52A29C44-4286-40BA-96C9-E016399957ED}"
EndProject
Global
	GlobalSection(SolutionConfigurationPlatforms) = preSolution
		Debug|.NET = Debug|.NET
		Debug|Any CPU = Debug|Any CPU
		Debug|Mixed Platforms = Debug|Mixed Platforms
		Release|.NET = Release|.NET
		Release|Any CPU = Release|Any CPU
		Release|Mixed Platforms = Release|Mixed Platforms
	EndGlobalSection
	GlobalSection(ProjectConfigurationPlatforms) = postSolution
		{9E15876F-E9E0-43B7-9874-B54F163757D6}.Debug|.NET.ActiveCfg = Debug|Any CPU
		{9E15876F-E9E0-43B7-9874-B54F163757D6}.Debug|Any CPU.ActiveCfg = Debug|Any CPU
		{9E15876F-E9E0-43B7-9874-B54F163757D6}.Debug|Any CPU.Build.0 = Debug|Any CPU
		{9E15876F-E9E0-43B7-9874-B54F163757D6}.Debug|Mixed Platforms.ActiveCfg = Debug|Any CPU
		{9E15876F-E9E0-43B7-9874-B54F163757D6}.Debug|Mixed Platforms.Build.0 = Debug|Any CPU
		{9E15876F-E9E0-43B7-9874-B54F163757D6}.Release|.NET.ActiveCfg = Release|Any CPU
		{9E15876F-E9E0-43B7-9874-B54F163757D6}.Release|Any CPU.ActiveCfg = Release|Any CPU
		{9E15876F-E9E0-43B7-9874-B54F163757D6}.Release|Any CPU.Build.0 = Release|Any CPU
		{9E15876F-E9E0-43B7-9874-B54F163757D6}.Release|Mixed Platforms.ActiveCfg = Release|Any CPU
		{9E15876F-E9E0-43B7-9874-B54F163757D6}.Release|Mixed Platforms.Build.0 = Release|Any CPU
		{7F45EEA2-50AC-44E2-85A6-2FFB02E38C44}.Debug|.NET.ActiveCfg = Debug|Any CPU
		{7F45EEA2-50AC-44E2-85A6-2FFB02E38C44}.Debug|Any CPU.ActiveCfg = Debug|Any CPU
		{7F45EEA2-50AC-44E2-85A6-2FFB02E38C44}.Debug|Any CPU.Build.0 = Debug|Any CPU
		{7F45EEA2-50AC-44E2-85A6-2FFB02E38C44}.Debug|Mixed Platforms.ActiveCfg = Debug|Any CPU
		{7F45EEA2-50AC-44E2-85A6-2FFB02E38C44}.Debug|Mixed Platforms.Build.0 = Debug|Any CPU
		{7F45EEA2-50AC-44E2-85A6-2FFB02E38C44}.Release|.NET.ActiveCfg = Release|Any CPU
		{7F45EEA2-50AC-44E2-85A6-2FFB02E38C44}.Release|Any CPU.ActiveCfg = Release|Any CPU
		{7F45EEA2-50AC-44E2-85A6-2FFB02E38C44}.Release|Any CPU.Build.0 = Release|Any CPU
		{7F45EEA2-50AC-44E2-85A6-2FFB02E38C44}.Release|Mixed Platforms.ActiveCfg = Release|Any CPU
		{7F45EEA2-50AC-44E2-85A6-2FFB02E38C44}.Release|Mixed Platforms.Build.0 = Release|Any CPU
		{6E4F55A0-C281-4706-A08B-BDEC2D2FBDA4}.Debug|.NET.ActiveCfg = Debug|Any CPU
		{6E4F55A0-C281-4706-A08B-BDEC2D2FBDA4}.Debug|Any CPU.ActiveCfg = Debug|Any CPU
		{6E4F55A0-C281-4706-A08B-BDEC2D2FBDA4}.Debug|Any CPU.Build.0 = Debug|Any CPU
		{6E4F55A0-C281-4706-A08B-BDEC2D2FBDA4}.Debug|Mixed Platforms.ActiveCfg = Debug|Any CPU
		{6E4F55A0-C281-4706-A08B-BDEC2D2FBDA4}.Debug|Mixed Platforms.Build.0 = Debug|Any CPU
		{6E4F55A0-C281-4706-A08B-BDEC2D2FBDA4}.Release|.NET.ActiveCfg = Release|Any CPU
		{6E4F55A0-C281-4706-A08B-BDEC2D2FBDA4}.Release|Any CPU.ActiveCfg = Release|Any CPU
		{6E4F55A0-C281-4706-A08B-BDEC2D2FBDA4}.Release|Any CPU.Build.0 = Release|Any CPU
		{6E4F55A0-C281-4706-A08B-BDEC2D2FBDA4}.Release|Mixed Platforms.ActiveCfg = Release|Any CPU
		{6E4F55A0-C281-4706-A08B-BDEC2D2FBDA4}.Release|Mixed Platforms.Build.0 = Release|Any CPU
		{2D0C5DF7-3BDB-44FB-BC1B-58E60B170BAD}.Debug|.NET.ActiveCfg = Debug|Any CPU
		{2D0C5DF7-3BDB-44FB-BC1B-58E60B170BAD}.Debug|Any CPU.ActiveCfg = Debug|Any CPU
		{2D0C5DF7-3BDB-44FB-BC1B-58E60B170BAD}.Debug|Any CPU.Build.0 = Debug|Any CPU
		{2D0C5DF7-3BDB-44FB-BC1B-58E60B170BAD}.Debug|Mixed Platforms.ActiveCfg = Debug|Any CPU
		{2D0C5DF7-3BDB-44FB-BC1B-58E60B170BAD}.Debug|Mixed Platforms.Build.0 = Debug|Any CPU
		{2D0C5DF7-3BDB-44FB-BC1B-58E60B170BAD}.Release|.NET.ActiveCfg = Release|Any CPU
		{2D0C5DF7-3BDB-44FB-BC1B-58E60B170BAD}.Release|Any CPU.ActiveCfg = Release|Any CPU
		{2D0C5DF7-3BDB-44FB-BC1B-58E60B170BAD}.Release|Any CPU.Build.0 = Release|Any CPU
		{2D0C5DF7-3BDB-44FB-BC1B-58E60B170BAD}.Release|Mixed Platforms.ActiveCfg = Release|Any CPU
		{2D0C5DF7-3BDB-44FB-BC1B-58E60B170BAD}.Release|Mixed Platforms.Build.0 = Release|Any CPU
		{2967CA64-7352-46E3-89C0-6BB3A0A13FC1}.Debug|.NET.ActiveCfg = Debug|Any CPU
		{2967CA64-7352-46E3-89C0-6BB3A0A13FC1}.Debug|Any CPU.ActiveCfg = Debug|Any CPU
		{2967CA64-7352-46E3-89C0-6BB3A0A13FC1}.Debug|Any CPU.Build.0 = Debug|Any CPU
		{2967CA64-7352-46E3-89C0-6BB3A0A13FC1}.Debug|Mixed Platforms.ActiveCfg = Debug|Any CPU
		{2967CA64-7352-46E3-89C0-6BB3A0A13FC1}.Debug|Mixed Platforms.Build.0 = Debug|Any CPU
		{2967CA64-7352-46E3-89C0-6BB3A0A13FC1}.Release|.NET.ActiveCfg = Release|Any CPU
		{2967CA64-7352-46E3-89C0-6BB3A0A13FC1}.Release|Any CPU.ActiveCfg = Release|Any CPU
		{2967CA64-7352-46E3-89C0-6BB3A0A13FC1}.Release|Any CPU.Build.0 = Release|Any CPU
		{2967CA64-7352-46E3-89C0-6BB3A0A13FC1}.Release|Mixed Platforms.ActiveCfg = Release|Any CPU
		{2967CA64-7352-46E3-89C0-6BB3A0A13FC1}.Release|Mixed Platforms.Build.0 = Release|Any CPU
		{8EEAB62E-DBAF-4C5F-9906-77B2A817F945}.Debug|.NET.ActiveCfg = Debug|Any CPU
		{8EEAB62E-DBAF-4C5F-9906-77B2A817F945}.Debug|Any CPU.ActiveCfg = Debug|Any CPU
		{8EEAB62E-DBAF-4C5F-9906-77B2A817F945}.Debug|Any CPU.Build.0 = Debug|Any CPU
		{8EEAB62E-DBAF-4C5F-9906-77B2A817F945}.Debug|Mixed Platforms.ActiveCfg = Debug|Any CPU
		{8EEAB62E-DBAF-4C5F-9906-77B2A817F945}.Debug|Mixed Platforms.Build.0 = Debug|Any CPU
		{8EEAB62E-DBAF-4C5F-9906-77B2A817F945}.Release|.NET.ActiveCfg = Release|Any CPU
		{8EEAB62E-DBAF-4C5F-9906-77B2A817F945}.Release|Any CPU.ActiveCfg = Release|Any CPU
		{8EEAB62E-DBAF-4C5F-9906-77B2A817F945}.Release|Any CPU.Build.0 = Release|Any CPU
		{8EEAB62E-DBAF-4C5F-9906-77B2A817F945}.Release|Mixed Platforms.ActiveCfg = Release|Any CPU
		{8EEAB62E-DBAF-4C5F-9906-77B2A817F945}.Release|Mixed Platforms.Build.0 = Release|Any CPU
		{2A7681BA-5C3C-4CC5-BE79-FE9FB428C764}.Debug|.NET.ActiveCfg = Debug|Any CPU
		{2A7681BA-5C3C-4CC5-BE79-FE9FB428C764}.Debug|Any CPU.ActiveCfg = Debug|Any CPU
		{2A7681BA-5C3C-4CC5-BE79-FE9FB428C764}.Debug|Any CPU.Build.0 = Debug|Any CPU
		{2A7681BA-5C3C-4CC5-BE79-FE9FB428C764}.Debug|Mixed Platforms.ActiveCfg = Debug|Any CPU
		{2A7681BA-5C3C-4CC5-BE79-FE9FB428C764}.Debug|Mixed Platforms.Build.0 = Debug|Any CPU
		{2A7681BA-5C3C-4CC5-BE79-FE9FB428C764}.Release|.NET.ActiveCfg = Release|Any CPU
		{2A7681BA-5C3C-4CC5-BE79-FE9FB428C764}.Release|Any CPU.ActiveCfg = Release|Any CPU
		{2A7681BA-5C3C-4CC5-BE79-FE9FB428C764}.Release|Any CPU.Build.0 = Release|Any CPU
		{2A7681BA-5C3C-4CC5-BE79-FE9FB428C764}.Release|Mixed Platforms.ActiveCfg = Release|Any CPU
		{2A7681BA-5C3C-4CC5-BE79-FE9FB428C764}.Release|Mixed Platforms.Build.0 = Release|Any CPU
		{52A29C44-4286-40BA-96C9-E016399957ED}.Debug|.NET.ActiveCfg = Debug|Any CPU
		{52A29C44-4286-40BA-96C9-E016399957ED}.Debug|Any CPU.ActiveCfg = Debug|Any CPU
		{52A29C44-4286-40BA-96C9-E016399957ED}.Debug|Any CPU.Build.0 = Debug|Any CPU
		{52A29C44-4286-40BA-96C9-E016399957ED}.Debug|Mixed Platforms.ActiveCfg = Debug|Any CPU
		{52A29C44-4286-40BA-96C9-E016399957ED}.Debug|Mixed Platforms.Build.0 = Debug|Any CPU
		{52A29C44-4286-40BA-96C9-E016399957ED}.Release|.NET.ActiveCfg = Release|Any CPU
		{52A29C44-4286-40BA-96C9-E016399957ED}.Release|Any CPU.ActiveCfg = Release|Any CPU
		{52A29C44-4286-40BA-96C9-E016399957ED}.Release|Any CPU.Build.0 = Release|Any CPU
		{52A29C44-4286-40BA-96C9-E016399957ED}.Release|Mixed Platforms.ActiveCfg = Release|Any CPU
		{52A29C44-4286-40BA-96C9-E016399957ED}.Release|Mixed Platforms.Build.0 = Release|Any CPU
	EndGlobalSection
	GlobalSection(SolutionProperties) = preSolution
		HideSolutionNode = FALSE
	EndGlobalSection
	GlobalSection(NestedProjects) = preSolution
		{2967CA64-7352-46E3-89C0-6BB3A0A13FC1} = {7B7AE8ED-DBE4-4CA4-9531-215535B63B8A}
		{8EEAB62E-DBAF-4C5F-9906-77B2A817F945} = {7B7AE8ED-DBE4-4CA4-9531-215535B63B8A}
		{2A7681BA-5C3C-4CC5-BE79-FE9FB428C764} = {7B7AE8ED-DBE4-4CA4-9531-215535B63B8A}
		{52A29C44-4286-40BA-96C9-E016399957ED} = {7B7AE8ED-DBE4-4CA4-9531-215535B63B8A}
	EndGlobalSection
	GlobalSection(ExtensibilityGlobals) = postSolution
		NAntAddinLastFileName = 
	EndGlobalSection
EndGlobal
